
Microsoft Visual Studio Solution File, Format Version 12.00
# Visual Studio Version 17
VisualStudioVersion = 17.5.002.0
MinimumVisualStudioVersion = 10.0.40219.1
Project("{9A19103F-16F7-4668-BE54-9A1E7A4F7556}") = "MyWebApp", "MyWebApp.csproj", "{312B48EE-740F-4A52-8ED0-DCD982E2EC6C}"
EndProject
Global
	GlobalSection(SolutionConfigurationPlatforms) = preSolution
		Debug|Any CPU = Debug|Any CPU
		Release|Any CPU = Release|Any CPU
	EndGlobalSection
	GlobalSection(ProjectConfigurationPlatforms) = postSolution
		{312B48EE-740F-4A52-8ED0-DCD982E2EC6C}.Debug|Any CPU.ActiveCfg = Debug|Any CPU
		{312B48EE-740F-4A52-8ED0-DCD982E2EC6C}.Debug|Any CPU.Build.0 = Debug|Any CPU
		{312B48EE-740F-4A52-8ED0-DCD982E2EC6C}.Release|Any CPU.ActiveCfg = Release|Any CPU
		{312B48EE-740F-4A52-8ED0-DCD982E2EC6C}.Release|Any CPU.Build.0 = Release|Any CPU
	EndGlobalSection
	GlobalSection(SolutionProperties) = preSolution
		HideSolutionNode = FALSE
	EndGlobalSection
	GlobalSection(ExtensibilityGlobals) = postSolution
		SolutionGuid = {2A606D65-303A-426B-9930-A45CA5556500}
	EndGlobalSection
EndGlobal
